
Microsoft Visual Studio Solution File, Format Version 12.00
# Visual Studio 15
VisualStudioVersion = 15.0.28307.489
MinimumVisualStudioVersion = 10.0.40219.1
Project("{FAE04EC0-301F-11D3-BF4B-00C04F79EFBC}") = "CRUD", "CRUD\CRUD.csproj", "{6F974059-8ECD-4AC4-9C00-33D48A8795BE}"
EndProject
Global
	GlobalSection(SolutionConfigurationPlatforms) = preSolution
		Debug|Any CPU = Debug|Any CPU
		Release|Any CPU = Release|Any CPU
	EndGlobalSection
	GlobalSection(ProjectConfigurationPlatforms) = postSolution
		{6F974059-8ECD-4AC4-9C00-33D48A8795BE}.Debug|Any CPU.ActiveCfg = Debug|Any CPU
		{6F974059-8ECD-4AC4-9C00-33D48A8795BE}.Debug|Any CPU.Build.0 = Debug|Any CPU
		{6F974059-8ECD-4AC4-9C00-33D48A8795BE}.Release|Any CPU.ActiveCfg = Release|Any CPU
		{6F974059-8ECD-4AC4-9C00-33D48A8795BE}.Release|Any CPU.Build.0 = Release|Any CPU
	EndGlobalSection
	GlobalSection(SolutionProperties) = preSolution
		HideSolutionNode = FALSE
	EndGlobalSection
	GlobalSection(ExtensibilityGlobals) = postSolution
		SolutionGuid = {8D7B96BD-DBF4-442D-824F-4AEA88DC8B8B}
	EndGlobalSection
EndGlobal
