
Microsoft Visual Studio Solution File, Format Version 12.00
# Visual Studio 15
VisualStudioVersion = 15.0.28307.489
MinimumVisualStudioVersion = 10.0.40219.1
Project("{FAE04EC0-301F-11D3-BF4B-00C04F79EFBC}") = "HospitalManagementSystem", "HospitalManagementSystem\HospitalManagementSystem.csproj", "{51D845B9-E701-4460-A800-1947D5BA2517}"
EndProject
Global
	GlobalSection(SolutionConfigurationPlatforms) = preSolution
		Debug|Any CPU = Debug|Any CPU
		Release|Any CPU = Release|Any CPU
	EndGlobalSection
	GlobalSection(ProjectConfigurationPlatforms) = postSolution
		{51D845B9-E701-4460-A800-1947D5BA2517}.Debug|Any CPU.ActiveCfg = Debug|Any CPU
		{51D845B9-E701-4460-A800-1947D5BA2517}.Debug|Any CPU.Build.0 = Debug|Any CPU
		{51D845B9-E701-4460-A800-1947D5BA2517}.Release|Any CPU.ActiveCfg = Release|Any CPU
		{51D845B9-E701-4460-A800-1947D5BA2517}.Release|Any CPU.Build.0 = Release|Any CPU
	EndGlobalSection
	GlobalSection(SolutionProperties) = preSolution
		HideSolutionNode = FALSE
	EndGlobalSection
	GlobalSection(ExtensibilityGlobals) = postSolution
		SolutionGuid = {C3ED5B6F-1670-4151-8ED0-B41B2DED1ED0}
	EndGlobalSection
EndGlobal
